
Microsoft Visual Studio Solution File, Format Version 12.00
# Visual Studio Version 17
VisualStudioVersion = 17.5.33502.453
MinimumVisualStudioVersion = 10.0.40219.1
Project("{E24C65DC-7377-472B-9ABA-BC803B73C61A}") = "A1_Tech", ".", "{135BE9E5-56F0-432D-B77B-978B9E1B8195}"
	ProjectSection(WebsiteProperties) = preProject
		TargetFrameworkMoniker = ".NETFramework,Version%3Dv4.8"
		Debug.AspNetCompiler.VirtualPath = "/localhost_52568"
		Debug.AspNetCompiler.PhysicalPath = "..\Tailor\"
		Debug.AspNetCompiler.TargetPath = "PrecompiledWeb\localhost_52568\"
		Debug.AspNetCompiler.Updateable = "true"
		Debug.AspNetCompiler.ForceOverwrite = "true"
		Debug.AspNetCompiler.FixedNames = "false"
		Debug.AspNetCompiler.Debug = "True"
		Release.AspNetCompiler.VirtualPath = "/localhost_52568"
		Release.AspNetCompiler.PhysicalPath = "..\Tailor\"
		Release.AspNetCompiler.TargetPath = "PrecompiledWeb\localhost_52568\"
		Release.AspNetCompiler.Updateable = "true"
		Release.AspNetCompiler.ForceOverwrite = "true"
		Release.AspNetCompiler.FixedNames = "false"
		Release.AspNetCompiler.Debug = "False"
		VWDPort = "52568"
		SlnRelativePath = "..\Tailor\"
	EndProjectSection
EndProject
Global
	GlobalSection(SolutionConfigurationPlatforms) = preSolution
		Debug|Any CPU = Debug|Any CPU
	EndGlobalSection
	GlobalSection(ProjectConfigurationPlatforms) = postSolution
		{135BE9E5-56F0-432D-B77B-978B9E1B8195}.Debug|Any CPU.ActiveCfg = Debug|Any CPU
		{135BE9E5-56F0-432D-B77B-978B9E1B8195}.Debug|Any CPU.Build.0 = Debug|Any CPU
	EndGlobalSection
	GlobalSection(SolutionProperties) = preSolution
		HideSolutionNode = FALSE
	EndGlobalSection
	GlobalSection(ExtensibilityGlobals) = postSolution
		SolutionGuid = {45ADC302-34E1-4FEA-917C-8BF8466F42A4}
	EndGlobalSection
EndGlobal
